
Microsoft Visual Studio Solution File, Format Version 12.00
# Visual Studio Version 17
VisualStudioVersion = 17.12.35707.178 d17.12
MinimumVisualStudioVersion = 10.0.40219.1
Project("{FAE04EC0-301F-11D3-BF4B-00C04F79EFBC}") = "BuilderPattern", "DesignPatternsAssignment\BuilderPattern.csproj", "{A9E08179-41FC-433C-9FBD-F9DD655E2D15}"
EndProject
Project("{FAE04EC0-301F-11D3-BF4B-00C04F79EFBC}") = "FactoryPatternDemo", "FactoryPatternDemo\FactoryPatternDemo.csproj", "{15844481-6EB2-4371-BA3F-D1180B60D1FE}"
EndProject
Project("{FAE04EC0-301F-11D3-BF4B-00C04F79EFBC}") = "ObserverPattern", "ObserverPattern\ObserverPattern.csproj", "{7689DD48-0A78-41A9-BE98-17FAC6E2F0C1}"
EndProject
Global
	GlobalSection(SolutionConfigurationPlatforms) = preSolution
		Debug|Any CPU = Debug|Any CPU
		Release|Any CPU = Release|Any CPU
	EndGlobalSection
	GlobalSection(ProjectConfigurationPlatforms) = postSolution
		{A9E08179-41FC-433C-9FBD-F9DD655E2D15}.Debug|Any CPU.ActiveCfg = Debug|Any CPU
		{A9E08179-41FC-433C-9FBD-F9DD655E2D15}.Debug|Any CPU.Build.0 = Debug|Any CPU
		{A9E08179-41FC-433C-9FBD-F9DD655E2D15}.Release|Any CPU.ActiveCfg = Release|Any CPU
		{A9E08179-41FC-433C-9FBD-F9DD655E2D15}.Release|Any CPU.Build.0 = Release|Any CPU
		{15844481-6EB2-4371-BA3F-D1180B60D1FE}.Debug|Any CPU.ActiveCfg = Debug|Any CPU
		{15844481-6EB2-4371-BA3F-D1180B60D1FE}.Debug|Any CPU.Build.0 = Debug|Any CPU
		{15844481-6EB2-4371-BA3F-D1180B60D1FE}.Release|Any CPU.ActiveCfg = Release|Any CPU
		{15844481-6EB2-4371-BA3F-D1180B60D1FE}.Release|Any CPU.Build.0 = Release|Any CPU
		{7689DD48-0A78-41A9-BE98-17FAC6E2F0C1}.Debug|Any CPU.ActiveCfg = Debug|Any CPU
		{7689DD48-0A78-41A9-BE98-17FAC6E2F0C1}.Debug|Any CPU.Build.0 = Debug|Any CPU
		{7689DD48-0A78-41A9-BE98-17FAC6E2F0C1}.Release|Any CPU.ActiveCfg = Release|Any CPU
		{7689DD48-0A78-41A9-BE98-17FAC6E2F0C1}.Release|Any CPU.Build.0 = Release|Any CPU
	EndGlobalSection
	GlobalSection(SolutionProperties) = preSolution
		HideSolutionNode = FALSE
	EndGlobalSection
EndGlobal
